
Microsoft Visual Studio Solution File, Format Version 12.00
# Visual Studio Version 17
VisualStudioVersion = 17.9.34616.47
MinimumVisualStudioVersion = 10.0.40219.1
Project("{FAE04EC0-301F-11D3-BF4B-00C04F79EFBC}") = "Rest Server Simulator", "Rest Server Simulator\Rest Server Simulator.csproj", "{B068C820-F729-472E-9896-358CF542BC51}"
EndProject
Global
	GlobalSection(SolutionConfigurationPlatforms) = preSolution
		Debug|Any CPU = Debug|Any CPU
		Release|Any CPU = Release|Any CPU
	EndGlobalSection
	GlobalSection(ProjectConfigurationPlatforms) = postSolution
		{B068C820-F729-472E-9896-358CF542BC51}.Debug|Any CPU.ActiveCfg = Debug|Any CPU
		{B068C820-F729-472E-9896-358CF542BC51}.Debug|Any CPU.Build.0 = Debug|Any CPU
		{B068C820-F729-472E-9896-358CF542BC51}.Release|Any CPU.ActiveCfg = Release|Any CPU
		{B068C820-F729-472E-9896-358CF542BC51}.Release|Any CPU.Build.0 = Release|Any CPU
	EndGlobalSection
	GlobalSection(SolutionProperties) = preSolution
		HideSolutionNode = FALSE
	EndGlobalSection
	GlobalSection(ExtensibilityGlobals) = postSolution
		SolutionGuid = {0453061C-D7D9-4341-99BE-3A383B6D57D8}
	EndGlobalSection
EndGlobal
